
Microsoft Visual Studio Solution File, Format Version 12.00
# Visual Studio 14
VisualStudioVersion = 14.0.25420.1
MinimumVisualStudioVersion = 10.0.40219.1
Project("{2150E333-8FDC-42A3-9474-1A3956D46DE8}") = "Engine", "Engine", "{38447572-260A-4754-8F86-B003FA6E6DE3}"
EndProject
Project("{2150E333-8FDC-42A3-9474-1A3956D46DE8}") = "Games", "Games", "{F66C264D-81ED-43DC-AF45-EDEF13A049D6}"
EndProject
Project("{8BC9CEB8-8B4A-11D0-8D11-00A0C91BC942}") = "UE4", "Intermediate\ProjectFiles\UE4.vcxproj", "{591547FE-1B97-4268-BD9F-59703FB7A2DE}"
EndProject
Project("{8BC9CEB8-8B4A-11D0-8D11-00A0C91BC942}") = "Jam2018", "Intermediate\ProjectFiles\Jam2018.vcxproj", "{A463EC1D-0561-4889-A725-6F486DC89E46}"
EndProject
Global
	GlobalSection(SolutionConfigurationPlatforms) = preSolution
		DebugGame Editor|HTML5 = DebugGame Editor|HTML5
		DebugGame Editor|Win32 = DebugGame Editor|Win32
		DebugGame Editor|Win64 = DebugGame Editor|Win64
		DebugGame|HTML5 = DebugGame|HTML5
		DebugGame|Win32 = DebugGame|Win32
		DebugGame|Win64 = DebugGame|Win64
		Development Editor|HTML5 = Development Editor|HTML5
		Development Editor|Win32 = Development Editor|Win32
		Development Editor|Win64 = Development Editor|Win64
		Development|HTML5 = Development|HTML5
		Development|Win32 = Development|Win32
		Development|Win64 = Development|Win64
		Shipping|HTML5 = Shipping|HTML5
		Shipping|Win32 = Shipping|Win32
		Shipping|Win64 = Shipping|Win64
	EndGlobalSection
	GlobalSection(ProjectConfigurationPlatforms) = postSolution
		{591547FE-1B97-4268-BD9F-59703FB7A2DE}.DebugGame Editor|HTML5.ActiveCfg = BuiltWithUnrealBuildTool|Win32
		{591547FE-1B97-4268-BD9F-59703FB7A2DE}.DebugGame Editor|HTML5.Build.0 = BuiltWithUnrealBuildTool|Win32
		{591547FE-1B97-4268-BD9F-59703FB7A2DE}.DebugGame Editor|Win32.ActiveCfg = BuiltWithUnrealBuildTool|Win32
		{591547FE-1B97-4268-BD9F-59703FB7A2DE}.DebugGame Editor|Win32.Build.0 = BuiltWithUnrealBuildTool|Win32
		{591547FE-1B97-4268-BD9F-59703FB7A2DE}.DebugGame Editor|Win64.ActiveCfg = BuiltWithUnrealBuildTool|Win32
		{591547FE-1B97-4268-BD9F-59703FB7A2DE}.DebugGame Editor|Win64.Build.0 = BuiltWithUnrealBuildTool|Win32
		{591547FE-1B97-4268-BD9F-59703FB7A2DE}.DebugGame|HTML5.ActiveCfg = BuiltWithUnrealBuildTool|Win32
		{591547FE-1B97-4268-BD9F-59703FB7A2DE}.DebugGame|HTML5.Build.0 = BuiltWithUnrealBuildTool|Win32
		{591547FE-1B97-4268-BD9F-59703FB7A2DE}.DebugGame|Win32.ActiveCfg = BuiltWithUnrealBuildTool|Win32
		{591547FE-1B97-4268-BD9F-59703FB7A2DE}.DebugGame|Win32.Build.0 = BuiltWithUnrealBuildTool|Win32
		{591547FE-1B97-4268-BD9F-59703FB7A2DE}.DebugGame|Win64.ActiveCfg = BuiltWithUnrealBuildTool|Win32
		{591547FE-1B97-4268-BD9F-59703FB7A2DE}.DebugGame|Win64.Build.0 = BuiltWithUnrealBuildTool|Win32
		{591547FE-1B97-4268-BD9F-59703FB7A2DE}.Development Editor|HTML5.ActiveCfg = BuiltWithUnrealBuildTool|Win32
		{591547FE-1B97-4268-BD9F-59703FB7A2DE}.Development Editor|HTML5.Build.0 = BuiltWithUnrealBuildTool|Win32
		{591547FE-1B97-4268-BD9F-59703FB7A2DE}.Development Editor|Win32.ActiveCfg = BuiltWithUnrealBuildTool|Win32
		{591547FE-1B97-4268-BD9F-59703FB7A2DE}.Development Editor|Win32.Build.0 = BuiltWithUnrealBuildTool|Win32
		{591547FE-1B97-4268-BD9F-59703FB7A2DE}.Development Editor|Win64.ActiveCfg = BuiltWithUnrealBuildTool|Win32
		{591547FE-1B97-4268-BD9F-59703FB7A2DE}.Development Editor|Win64.Build.0 = BuiltWithUnrealBuildTool|Win32
		{591547FE-1B97-4268-BD9F-59703FB7A2DE}.Development|HTML5.ActiveCfg = BuiltWithUnrealBuildTool|Win32
		{591547FE-1B97-4268-BD9F-59703FB7A2DE}.Development|HTML5.Build.0 = BuiltWithUnrealBuildTool|Win32
		{591547FE-1B97-4268-BD9F-59703FB7A2DE}.Development|Win32.ActiveCfg = BuiltWithUnrealBuildTool|Win32
		{591547FE-1B97-4268-BD9F-59703FB7A2DE}.Development|Win32.Build.0 = BuiltWithUnrealBuildTool|Win32
		{591547FE-1B97-4268-BD9F-59703FB7A2DE}.Development|Win64.ActiveCfg = BuiltWithUnrealBuildTool|Win32
		{591547FE-1B97-4268-BD9F-59703FB7A2DE}.Development|Win64.Build.0 = BuiltWithUnrealBuildTool|Win32
		{591547FE-1B97-4268-BD9F-59703FB7A2DE}.Shipping|HTML5.ActiveCfg = BuiltWithUnrealBuildTool|Win32
		{591547FE-1B97-4268-BD9F-59703FB7A2DE}.Shipping|HTML5.Build.0 = BuiltWithUnrealBuildTool|Win32
		{591547FE-1B97-4268-BD9F-59703FB7A2DE}.Shipping|Win32.ActiveCfg = BuiltWithUnrealBuildTool|Win32
		{591547FE-1B97-4268-BD9F-59703FB7A2DE}.Shipping|Win32.Build.0 = BuiltWithUnrealBuildTool|Win32
		{591547FE-1B97-4268-BD9F-59703FB7A2DE}.Shipping|Win64.ActiveCfg = BuiltWithUnrealBuildTool|Win32
		{591547FE-1B97-4268-BD9F-59703FB7A2DE}.Shipping|Win64.Build.0 = BuiltWithUnrealBuildTool|Win32
		{A463EC1D-0561-4889-A725-6F486DC89E46}.DebugGame Editor|HTML5.ActiveCfg = HTML5_DebugGame_Editor|Win32
		{A463EC1D-0561-4889-A725-6F486DC89E46}.DebugGame Editor|Win32.ActiveCfg = DebugGame_Editor|Win32
		{A463EC1D-0561-4889-A725-6F486DC89E46}.DebugGame Editor|Win64.ActiveCfg = DebugGame_Editor|x64
		{A463EC1D-0561-4889-A725-6F486DC89E46}.DebugGame Editor|Win64.Build.0 = DebugGame_Editor|x64
		{A463EC1D-0561-4889-A725-6F486DC89E46}.DebugGame|HTML5.ActiveCfg = HTML5_DebugGame_Game|Win32
		{A463EC1D-0561-4889-A725-6F486DC89E46}.DebugGame|HTML5.Build.0 = HTML5_DebugGame_Game|Win32
		{A463EC1D-0561-4889-A725-6F486DC89E46}.DebugGame|Win32.ActiveCfg = DebugGame_Game|Win32
		{A463EC1D-0561-4889-A725-6F486DC89E46}.DebugGame|Win32.Build.0 = DebugGame_Game|Win32
		{A463EC1D-0561-4889-A725-6F486DC89E46}.DebugGame|Win64.ActiveCfg = DebugGame_Game|x64
		{A463EC1D-0561-4889-A725-6F486DC89E46}.DebugGame|Win64.Build.0 = DebugGame_Game|x64
		{A463EC1D-0561-4889-A725-6F486DC89E46}.Development Editor|HTML5.ActiveCfg = HTML5_Development_Editor|Win32
		{A463EC1D-0561-4889-A725-6F486DC89E46}.Development Editor|Win32.ActiveCfg = Development_Editor|Win32
		{A463EC1D-0561-4889-A725-6F486DC89E46}.Development Editor|Win64.ActiveCfg = Development_Editor|x64
		{A463EC1D-0561-4889-A725-6F486DC89E46}.Development Editor|Win64.Build.0 = Development_Editor|x64
		{A463EC1D-0561-4889-A725-6F486DC89E46}.Development|HTML5.ActiveCfg = HTML5_Development_Game|Win32
		{A463EC1D-0561-4889-A725-6F486DC89E46}.Development|HTML5.Build.0 = HTML5_Development_Game|Win32
		{A463EC1D-0561-4889-A725-6F486DC89E46}.Development|Win32.ActiveCfg = Development_Game|Win32
		{A463EC1D-0561-4889-A725-6F486DC89E46}.Development|Win32.Build.0 = Development_Game|Win32
		{A463EC1D-0561-4889-A725-6F486DC89E46}.Development|Win64.ActiveCfg = Development_Game|x64
		{A463EC1D-0561-4889-A725-6F486DC89E46}.Development|Win64.Build.0 = Development_Game|x64
		{A463EC1D-0561-4889-A725-6F486DC89E46}.Shipping|HTML5.ActiveCfg = HTML5_Shipping_Game|Win32
		{A463EC1D-0561-4889-A725-6F486DC89E46}.Shipping|HTML5.Build.0 = HTML5_Shipping_Game|Win32
		{A463EC1D-0561-4889-A725-6F486DC89E46}.Shipping|Win32.ActiveCfg = Shipping_Game|Win32
		{A463EC1D-0561-4889-A725-6F486DC89E46}.Shipping|Win32.Build.0 = Shipping_Game|Win32
		{A463EC1D-0561-4889-A725-6F486DC89E46}.Shipping|Win64.ActiveCfg = Shipping_Game|x64
		{A463EC1D-0561-4889-A725-6F486DC89E46}.Shipping|Win64.Build.0 = Shipping_Game|x64
	EndGlobalSection
	GlobalSection(SolutionProperties) = preSolution
		HideSolutionNode = FALSE
	EndGlobalSection
	GlobalSection(NestedProjects) = preSolution
		{591547FE-1B97-4268-BD9F-59703FB7A2DE} = {38447572-260A-4754-8F86-B003FA6E6DE3}
		{A463EC1D-0561-4889-A725-6F486DC89E46} = {F66C264D-81ED-43DC-AF45-EDEF13A049D6}
	EndGlobalSection
EndGlobal
