
Microsoft Visual Studio Solution File, Format Version 12.00
# Visual Studio 14
VisualStudioVersion = 14.0.25420.1
MinimumVisualStudioVersion = 10.0.40219.1
Project("{2150E333-8FDC-42A3-9474-1A3956D46DE8}") = "Engine", "Engine", "{073AD6E8-B268-43FE-9AEA-E2F4D286F0EC}"
EndProject
Project("{2150E333-8FDC-42A3-9474-1A3956D46DE8}") = "Games", "Games", "{7DE258D6-5C36-4C2F-9B11-7E39F8E7924E}"
EndProject
Project("{8BC9CEB8-8B4A-11D0-8D11-00A0C91BC942}") = "UE4", "Intermediate\ProjectFiles\UE4.vcxproj", "{8E01FA22-E8E5-494D-B782-E0387EF62FEC}"
EndProject
Project("{8BC9CEB8-8B4A-11D0-8D11-00A0C91BC942}") = "Jam2018", "Intermediate\ProjectFiles\Jam2018.vcxproj", "{6DFA06CC-9076-434D-B58B-B532C472DB2D}"
EndProject
Global
	GlobalSection(SolutionConfigurationPlatforms) = preSolution
		DebugGame Editor|HTML5 = DebugGame Editor|HTML5
		DebugGame Editor|Win32 = DebugGame Editor|Win32
		DebugGame Editor|Win64 = DebugGame Editor|Win64
		DebugGame|HTML5 = DebugGame|HTML5
		DebugGame|Win32 = DebugGame|Win32
		DebugGame|Win64 = DebugGame|Win64
		Development Editor|HTML5 = Development Editor|HTML5
		Development Editor|Win32 = Development Editor|Win32
		Development Editor|Win64 = Development Editor|Win64
		Development|HTML5 = Development|HTML5
		Development|Win32 = Development|Win32
		Development|Win64 = Development|Win64
		Shipping|HTML5 = Shipping|HTML5
		Shipping|Win32 = Shipping|Win32
		Shipping|Win64 = Shipping|Win64
	EndGlobalSection
	GlobalSection(ProjectConfigurationPlatforms) = postSolution
		{8E01FA22-E8E5-494D-B782-E0387EF62FEC}.DebugGame Editor|HTML5.ActiveCfg = BuiltWithUnrealBuildTool|Win32
		{8E01FA22-E8E5-494D-B782-E0387EF62FEC}.DebugGame Editor|HTML5.Build.0 = BuiltWithUnrealBuildTool|Win32
		{8E01FA22-E8E5-494D-B782-E0387EF62FEC}.DebugGame Editor|Win32.ActiveCfg = BuiltWithUnrealBuildTool|Win32
		{8E01FA22-E8E5-494D-B782-E0387EF62FEC}.DebugGame Editor|Win32.Build.0 = BuiltWithUnrealBuildTool|Win32
		{8E01FA22-E8E5-494D-B782-E0387EF62FEC}.DebugGame Editor|Win64.ActiveCfg = BuiltWithUnrealBuildTool|Win32
		{8E01FA22-E8E5-494D-B782-E0387EF62FEC}.DebugGame Editor|Win64.Build.0 = BuiltWithUnrealBuildTool|Win32
		{8E01FA22-E8E5-494D-B782-E0387EF62FEC}.DebugGame|HTML5.ActiveCfg = BuiltWithUnrealBuildTool|Win32
		{8E01FA22-E8E5-494D-B782-E0387EF62FEC}.DebugGame|HTML5.Build.0 = BuiltWithUnrealBuildTool|Win32
		{8E01FA22-E8E5-494D-B782-E0387EF62FEC}.DebugGame|Win32.ActiveCfg = BuiltWithUnrealBuildTool|Win32
		{8E01FA22-E8E5-494D-B782-E0387EF62FEC}.DebugGame|Win32.Build.0 = BuiltWithUnrealBuildTool|Win32
		{8E01FA22-E8E5-494D-B782-E0387EF62FEC}.DebugGame|Win64.ActiveCfg = BuiltWithUnrealBuildTool|Win32
		{8E01FA22-E8E5-494D-B782-E0387EF62FEC}.DebugGame|Win64.Build.0 = BuiltWithUnrealBuildTool|Win32
		{8E01FA22-E8E5-494D-B782-E0387EF62FEC}.Development Editor|HTML5.ActiveCfg = BuiltWithUnrealBuildTool|Win32
		{8E01FA22-E8E5-494D-B782-E0387EF62FEC}.Development Editor|HTML5.Build.0 = BuiltWithUnrealBuildTool|Win32
		{8E01FA22-E8E5-494D-B782-E0387EF62FEC}.Development Editor|Win32.ActiveCfg = BuiltWithUnrealBuildTool|Win32
		{8E01FA22-E8E5-494D-B782-E0387EF62FEC}.Development Editor|Win32.Build.0 = BuiltWithUnrealBuildTool|Win32
		{8E01FA22-E8E5-494D-B782-E0387EF62FEC}.Development Editor|Win64.ActiveCfg = BuiltWithUnrealBuildTool|Win32
		{8E01FA22-E8E5-494D-B782-E0387EF62FEC}.Development Editor|Win64.Build.0 = BuiltWithUnrealBuildTool|Win32
		{8E01FA22-E8E5-494D-B782-E0387EF62FEC}.Development|HTML5.ActiveCfg = BuiltWithUnrealBuildTool|Win32
		{8E01FA22-E8E5-494D-B782-E0387EF62FEC}.Development|HTML5.Build.0 = BuiltWithUnrealBuildTool|Win32
		{8E01FA22-E8E5-494D-B782-E0387EF62FEC}.Development|Win32.ActiveCfg = BuiltWithUnrealBuildTool|Win32
		{8E01FA22-E8E5-494D-B782-E0387EF62FEC}.Development|Win32.Build.0 = BuiltWithUnrealBuildTool|Win32
		{8E01FA22-E8E5-494D-B782-E0387EF62FEC}.Development|Win64.ActiveCfg = BuiltWithUnrealBuildTool|Win32
		{8E01FA22-E8E5-494D-B782-E0387EF62FEC}.Development|Win64.Build.0 = BuiltWithUnrealBuildTool|Win32
		{8E01FA22-E8E5-494D-B782-E0387EF62FEC}.Shipping|HTML5.ActiveCfg = BuiltWithUnrealBuildTool|Win32
		{8E01FA22-E8E5-494D-B782-E0387EF62FEC}.Shipping|HTML5.Build.0 = BuiltWithUnrealBuildTool|Win32
		{8E01FA22-E8E5-494D-B782-E0387EF62FEC}.Shipping|Win32.ActiveCfg = BuiltWithUnrealBuildTool|Win32
		{8E01FA22-E8E5-494D-B782-E0387EF62FEC}.Shipping|Win32.Build.0 = BuiltWithUnrealBuildTool|Win32
		{8E01FA22-E8E5-494D-B782-E0387EF62FEC}.Shipping|Win64.ActiveCfg = BuiltWithUnrealBuildTool|Win32
		{8E01FA22-E8E5-494D-B782-E0387EF62FEC}.Shipping|Win64.Build.0 = BuiltWithUnrealBuildTool|Win32
		{6DFA06CC-9076-434D-B58B-B532C472DB2D}.DebugGame Editor|HTML5.ActiveCfg = HTML5_DebugGame_Editor|Win32
		{6DFA06CC-9076-434D-B58B-B532C472DB2D}.DebugGame Editor|Win32.ActiveCfg = DebugGame_Editor|Win32
		{6DFA06CC-9076-434D-B58B-B532C472DB2D}.DebugGame Editor|Win64.ActiveCfg = DebugGame_Editor|x64
		{6DFA06CC-9076-434D-B58B-B532C472DB2D}.DebugGame Editor|Win64.Build.0 = DebugGame_Editor|x64
		{6DFA06CC-9076-434D-B58B-B532C472DB2D}.DebugGame|HTML5.ActiveCfg = HTML5_DebugGame_Game|Win32
		{6DFA06CC-9076-434D-B58B-B532C472DB2D}.DebugGame|HTML5.Build.0 = HTML5_DebugGame_Game|Win32
		{6DFA06CC-9076-434D-B58B-B532C472DB2D}.DebugGame|Win32.ActiveCfg = DebugGame_Game|Win32
		{6DFA06CC-9076-434D-B58B-B532C472DB2D}.DebugGame|Win32.Build.0 = DebugGame_Game|Win32
		{6DFA06CC-9076-434D-B58B-B532C472DB2D}.DebugGame|Win64.ActiveCfg = DebugGame_Game|x64
		{6DFA06CC-9076-434D-B58B-B532C472DB2D}.DebugGame|Win64.Build.0 = DebugGame_Game|x64
		{6DFA06CC-9076-434D-B58B-B532C472DB2D}.Development Editor|HTML5.ActiveCfg = HTML5_Development_Editor|Win32
		{6DFA06CC-9076-434D-B58B-B532C472DB2D}.Development Editor|Win32.ActiveCfg = Development_Editor|Win32
		{6DFA06CC-9076-434D-B58B-B532C472DB2D}.Development Editor|Win64.ActiveCfg = Development_Editor|x64
		{6DFA06CC-9076-434D-B58B-B532C472DB2D}.Development Editor|Win64.Build.0 = Development_Editor|x64
		{6DFA06CC-9076-434D-B58B-B532C472DB2D}.Development|HTML5.ActiveCfg = HTML5_Development_Game|Win32
		{6DFA06CC-9076-434D-B58B-B532C472DB2D}.Development|HTML5.Build.0 = HTML5_Development_Game|Win32
		{6DFA06CC-9076-434D-B58B-B532C472DB2D}.Development|Win32.ActiveCfg = Development_Game|Win32
		{6DFA06CC-9076-434D-B58B-B532C472DB2D}.Development|Win32.Build.0 = Development_Game|Win32
		{6DFA06CC-9076-434D-B58B-B532C472DB2D}.Development|Win64.ActiveCfg = Development_Game|x64
		{6DFA06CC-9076-434D-B58B-B532C472DB2D}.Development|Win64.Build.0 = Development_Game|x64
		{6DFA06CC-9076-434D-B58B-B532C472DB2D}.Shipping|HTML5.ActiveCfg = HTML5_Shipping_Game|Win32
		{6DFA06CC-9076-434D-B58B-B532C472DB2D}.Shipping|HTML5.Build.0 = HTML5_Shipping_Game|Win32
		{6DFA06CC-9076-434D-B58B-B532C472DB2D}.Shipping|Win32.ActiveCfg = Shipping_Game|Win32
		{6DFA06CC-9076-434D-B58B-B532C472DB2D}.Shipping|Win32.Build.0 = Shipping_Game|Win32
		{6DFA06CC-9076-434D-B58B-B532C472DB2D}.Shipping|Win64.ActiveCfg = Shipping_Game|x64
		{6DFA06CC-9076-434D-B58B-B532C472DB2D}.Shipping|Win64.Build.0 = Shipping_Game|x64
	EndGlobalSection
	GlobalSection(SolutionProperties) = preSolution
		HideSolutionNode = FALSE
	EndGlobalSection
	GlobalSection(NestedProjects) = preSolution
		{8E01FA22-E8E5-494D-B782-E0387EF62FEC} = {073AD6E8-B268-43FE-9AEA-E2F4D286F0EC}
		{6DFA06CC-9076-434D-B58B-B532C472DB2D} = {7DE258D6-5C36-4C2F-9B11-7E39F8E7924E}
	EndGlobalSection
EndGlobal
